
Microsoft Visual Studio Solution File, Format Version 12.00
# Visual Studio 15
VisualStudioVersion = 15.0.28307.1738
MinimumVisualStudioVersion = 10.0.40219.1
Project("{8BC9CEB8-8B4A-11D0-8D11-00A0C91BC942}") = "Convex_Hull_project", "Convex_Hull_project\Convex_Hull_project.vcxproj", "{FDCBA775-1811-4C48-A2AF-1146E7E74BF6}"
EndProject
Global
	GlobalSection(SolutionConfigurationPlatforms) = preSolution
		Debug|x64 = Debug|x64
		Debug|x86 = Debug|x86
		Release|x64 = Release|x64
		Release|x86 = Release|x86
	EndGlobalSection
	GlobalSection(ProjectConfigurationPlatforms) = postSolution
		{FDCBA775-1811-4C48-A2AF-1146E7E74BF6}.Debug|x64.ActiveCfg = Debug|x64
		{FDCBA775-1811-4C48-A2AF-1146E7E74BF6}.Debug|x64.Build.0 = Debug|x64
		{FDCBA775-1811-4C48-A2AF-1146E7E74BF6}.Debug|x86.ActiveCfg = Debug|Win32
		{FDCBA775-1811-4C48-A2AF-1146E7E74BF6}.Debug|x86.Build.0 = Debug|Win32
		{FDCBA775-1811-4C48-A2AF-1146E7E74BF6}.Release|x64.ActiveCfg = Release|x64
		{FDCBA775-1811-4C48-A2AF-1146E7E74BF6}.Release|x64.Build.0 = Release|x64
		{FDCBA775-1811-4C48-A2AF-1146E7E74BF6}.Release|x86.ActiveCfg = Release|Win32
		{FDCBA775-1811-4C48-A2AF-1146E7E74BF6}.Release|x86.Build.0 = Release|Win32
	EndGlobalSection
	GlobalSection(SolutionProperties) = preSolution
		HideSolutionNode = FALSE
	EndGlobalSection
	GlobalSection(ExtensibilityGlobals) = postSolution
		SolutionGuid = {14AC078C-DBA3-4FE7-9476-0C74125EA07D}
	EndGlobalSection
EndGlobal
